
Microsoft Visual Studio Solution File, Format Version 12.00
# Visual Studio 14
VisualStudioVersion = 14.0.25420.1
MinimumVisualStudioVersion = 10.0.40219.1
Project("{FAE04EC0-301F-11D3-BF4B-00C04F79EFBC}") = "GospelOfDance", "GospelOfDance\GospelOfDance.csproj", "{3C7EC4E3-F514-4A41-9523-0BB02B658868}"
EndProject
Project("{2150E333-8FDC-42A3-9474-1A3956D46DE8}") = "MusicBeatTemplate", "MusicBeatTemplate", "{79CC71B9-D837-48F7-8E3F-87FAB6CADE33}"
	ProjectSection(SolutionItems) = preProject
		musicbeat-html\404-page.html = musicbeat-html\404-page.html
		musicbeat-html\about-us.html = musicbeat-html\about-us.html
		musicbeat-html\album-grid-no-filterable.html = musicbeat-html\album-grid-no-filterable.html
		musicbeat-html\album-grid-wsidebar.html = musicbeat-html\album-grid-wsidebar.html
		musicbeat-html\album-grid.html = musicbeat-html\album-grid.html
		musicbeat-html\album-list-no-sidebar.html = musicbeat-html\album-list-no-sidebar.html
		musicbeat-html\album-list.html = musicbeat-html\album-list.html
		musicbeat-html\album-single-post.html = musicbeat-html\album-single-post.html
		musicbeat-html\artist-grid-wsidebar.html = musicbeat-html\artist-grid-wsidebar.html
		musicbeat-html\artist-grid.html = musicbeat-html\artist-grid.html
		musicbeat-html\artist-list-wsidebar.html = musicbeat-html\artist-list-wsidebar.html
		musicbeat-html\artist-list.html = musicbeat-html\artist-list.html
		musicbeat-html\artist-single.html = musicbeat-html\artist-single.html
		musicbeat-html\blog-large.html = musicbeat-html\blog-large.html
		musicbeat-html\blog-mediam.html = musicbeat-html\blog-mediam.html
		musicbeat-html\blog-single.html = musicbeat-html\blog-single.html
		musicbeat-html\coming-soon.html = musicbeat-html\coming-soon.html
		musicbeat-html\contact-us-two.html = musicbeat-html\contact-us-two.html
		musicbeat-html\contact-us.html = musicbeat-html\contact-us.html
		musicbeat-html\event-grid.html = musicbeat-html\event-grid.html
		musicbeat-html\event-list.html = musicbeat-html\event-list.html
		musicbeat-html\event-single.html = musicbeat-html\event-single.html
		musicbeat-html\events-calendar.html = musicbeat-html\events-calendar.html
		musicbeat-html\faq.html = musicbeat-html\faq.html
		musicbeat-html\faqv2.html = musicbeat-html\faqv2.html
		musicbeat-html\index-four.html = musicbeat-html\index-four.html
		musicbeat-html\index-three.html = musicbeat-html\index-three.html
		musicbeat-html\index-two.html = musicbeat-html\index-two.html
		musicbeat-html\index.html = musicbeat-html\index.html
		musicbeat-html\our-gallery.html = musicbeat-html\our-gallery.html
		musicbeat-html\our-price.html = musicbeat-html\our-price.html
		musicbeat-html\our-services.html = musicbeat-html\our-services.html
		musicbeat-html\search-result.html = musicbeat-html\search-result.html
		musicbeat-html\shop-grid.html = musicbeat-html\shop-grid.html
		musicbeat-html\shop-list.html = musicbeat-html\shop-list.html
		musicbeat-html\shop-single.html = musicbeat-html\shop-single.html
		musicbeat-html\sitemap.html = musicbeat-html\sitemap.html
		musicbeat-html\style.css = musicbeat-html\style.css
	EndProjectSection
EndProject
Project("{2150E333-8FDC-42A3-9474-1A3956D46DE8}") = "Documentation", "Documentation", "{9FA81E47-D9C1-4899-8557-BF2F18EC3BB4}"
	ProjectSection(SolutionItems) = preProject
		Documentation\musicbeat.html = Documentation\musicbeat.html
		Documentation\style.css = Documentation\style.css
		Documentation\theia-sticky-sidebar.js = Documentation\theia-sticky-sidebar.js
	EndProjectSection
EndProject
Project("{2150E333-8FDC-42A3-9474-1A3956D46DE8}") = "css", "css", "{C20C1B8E-3987-4397-A320-3CF4C1589947}"
	ProjectSection(SolutionItems) = preProject
		musicbeat-html\css\bootstrap.css = musicbeat-html\css\bootstrap.css
		musicbeat-html\css\color-one.css = musicbeat-html\css\color-one.css
		musicbeat-html\css\color-three.css = musicbeat-html\css\color-three.css
		musicbeat-html\css\color-two.css = musicbeat-html\css\color-two.css
		musicbeat-html\css\color.css = musicbeat-html\css\color.css
		musicbeat-html\css\flaticon.css = musicbeat-html\css\flaticon.css
		musicbeat-html\css\font-awesome.css = musicbeat-html\css\font-awesome.css
		musicbeat-html\css\fullcalendar.css = musicbeat-html\css\fullcalendar.css
		musicbeat-html\css\jplayer.css = musicbeat-html\css\jplayer.css
		musicbeat-html\css\prettyphoto.css = musicbeat-html\css\prettyphoto.css
		musicbeat-html\css\responsive.css = musicbeat-html\css\responsive.css
		musicbeat-html\css\slick-slider.css = musicbeat-html\css\slick-slider.css
	EndProjectSection
EndProject
Project("{2150E333-8FDC-42A3-9474-1A3956D46DE8}") = "extra-images", "extra-images", "{505F58A8-D340-46CE-A152-A9F36D33EC15}"
	ProjectSection(SolutionItems) = preProject
		musicbeat-html\extra-images\404page-1.png = musicbeat-html\extra-images\404page-1.png
		musicbeat-html\extra-images\album-player-1.jpg = musicbeat-html\extra-images\album-player-1.jpg
		musicbeat-html\extra-images\album-player-2.jpg = musicbeat-html\extra-images\album-player-2.jpg
		musicbeat-html\extra-images\album-recent-1.jpg = musicbeat-html\extra-images\album-recent-1.jpg
		musicbeat-html\extra-images\album-recent-2.jpg = musicbeat-html\extra-images\album-recent-2.jpg
		musicbeat-html\extra-images\album-recent-3.jpg = musicbeat-html\extra-images\album-recent-3.jpg
		musicbeat-html\extra-images\album-sercice1.png = musicbeat-html\extra-images\album-sercice1.png
		musicbeat-html\extra-images\album-sercice2.png = musicbeat-html\extra-images\album-sercice2.png
		musicbeat-html\extra-images\album-sercice3.png = musicbeat-html\extra-images\album-sercice3.png
		musicbeat-html\extra-images\album-single-thumb-1.jpg = musicbeat-html\extra-images\album-single-thumb-1.jpg
		musicbeat-html\extra-images\album-single-thumb-2.jpg = musicbeat-html\extra-images\album-single-thumb-2.jpg
		musicbeat-html\extra-images\album-single-thumb-3.jpg = musicbeat-html\extra-images\album-single-thumb-3.jpg
		musicbeat-html\extra-images\album-single-thumb-4.jpg = musicbeat-html\extra-images\album-single-thumb-4.jpg
		musicbeat-html\extra-images\artist-comment-1.jpg = musicbeat-html\extra-images\artist-comment-1.jpg
		musicbeat-html\extra-images\artist-comment-2.jpg = musicbeat-html\extra-images\artist-comment-2.jpg
		musicbeat-html\extra-images\artist-comment-3.jpg = musicbeat-html\extra-images\artist-comment-3.jpg
		musicbeat-html\extra-images\artist-comment-4.jpg = musicbeat-html\extra-images\artist-comment-4.jpg
		musicbeat-html\extra-images\artist-grid-1.jpg = musicbeat-html\extra-images\artist-grid-1.jpg
		musicbeat-html\extra-images\artist-grid-2.jpg = musicbeat-html\extra-images\artist-grid-2.jpg
		musicbeat-html\extra-images\artist-grid-3.jpg = musicbeat-html\extra-images\artist-grid-3.jpg
		musicbeat-html\extra-images\artist-grid-4.jpg = musicbeat-html\extra-images\artist-grid-4.jpg
		musicbeat-html\extra-images\artist-grid-5.jpg = musicbeat-html\extra-images\artist-grid-5.jpg
		musicbeat-html\extra-images\artist-grid-6.jpg = musicbeat-html\extra-images\artist-grid-6.jpg
		musicbeat-html\extra-images\artist-grid-7.jpg = musicbeat-html\extra-images\artist-grid-7.jpg
		musicbeat-html\extra-images\artist-grid-8.jpg = musicbeat-html\extra-images\artist-grid-8.jpg
		musicbeat-html\extra-images\artist-medium-1.jpg = musicbeat-html\extra-images\artist-medium-1.jpg
		musicbeat-html\extra-images\artist-medium-2.jpg = musicbeat-html\extra-images\artist-medium-2.jpg
		musicbeat-html\extra-images\artist-medium-3.jpg = musicbeat-html\extra-images\artist-medium-3.jpg
		musicbeat-html\extra-images\artist-medium-4.jpg = musicbeat-html\extra-images\artist-medium-4.jpg
		musicbeat-html\extra-images\artist-medium-5.jpg = musicbeat-html\extra-images\artist-medium-5.jpg
		musicbeat-html\extra-images\artist-widget-1.jpg = musicbeat-html\extra-images\artist-widget-1.jpg
		musicbeat-html\extra-images\artist-widget-2.jpg = musicbeat-html\extra-images\artist-widget-2.jpg
		musicbeat-html\extra-images\artist-widget-3.jpg = musicbeat-html\extra-images\artist-widget-3.jpg
		musicbeat-html\extra-images\bandmember-1.jpg = musicbeat-html\extra-images\bandmember-1.jpg
		musicbeat-html\extra-images\bandmember-2.jpg = musicbeat-html\extra-images\bandmember-2.jpg
		musicbeat-html\extra-images\bandmember-3.jpg = musicbeat-html\extra-images\bandmember-3.jpg
		musicbeat-html\extra-images\bandmember-4.jpg = musicbeat-html\extra-images\bandmember-4.jpg
		musicbeat-html\extra-images\banne-view2-1.jpg = musicbeat-html\extra-images\banne-view2-1.jpg
		musicbeat-html\extra-images\banne-view2-2.jpg = musicbeat-html\extra-images\banne-view2-2.jpg
		musicbeat-html\extra-images\banne-view3-1.jpg = musicbeat-html\extra-images\banne-view3-1.jpg
		musicbeat-html\extra-images\banner-1.jpg = musicbeat-html\extra-images\banner-1.jpg
		musicbeat-html\extra-images\banner-2.jpg = musicbeat-html\extra-images\banner-2.jpg
		musicbeat-html\extra-images\banner-view4-1.jpg = musicbeat-html\extra-images\banner-view4-1.jpg
		musicbeat-html\extra-images\bg-comingsoon-1.png = musicbeat-html\extra-images\bg-comingsoon-1.png
		musicbeat-html\extra-images\blog-comments-1.jpg = musicbeat-html\extra-images\blog-comments-1.jpg
		musicbeat-html\extra-images\blog-comments-2.jpg = musicbeat-html\extra-images\blog-comments-2.jpg
		musicbeat-html\extra-images\blog-comments-3.jpg = musicbeat-html\extra-images\blog-comments-3.jpg
		musicbeat-html\extra-images\blog-grid-1.jpg = musicbeat-html\extra-images\blog-grid-1.jpg
		musicbeat-html\extra-images\blog-grid-2.jpg = musicbeat-html\extra-images\blog-grid-2.jpg
		musicbeat-html\extra-images\blog-grid-3.jpg = musicbeat-html\extra-images\blog-grid-3.jpg
		musicbeat-html\extra-images\blog-grid-fullbg.jpg = musicbeat-html\extra-images\blog-grid-fullbg.jpg
		musicbeat-html\extra-images\blog-large-1.jpg = musicbeat-html\extra-images\blog-large-1.jpg
		musicbeat-html\extra-images\blog-large-2.jpg = musicbeat-html\extra-images\blog-large-2.jpg
		musicbeat-html\extra-images\blog-large-3.jpg = musicbeat-html\extra-images\blog-large-3.jpg
		musicbeat-html\extra-images\blog-mediam-1.jpg = musicbeat-html\extra-images\blog-mediam-1.jpg
		musicbeat-html\extra-images\blog-mediam-10.jpg = musicbeat-html\extra-images\blog-mediam-10.jpg
		musicbeat-html\extra-images\blog-mediam-2.jpg = musicbeat-html\extra-images\blog-mediam-2.jpg
		musicbeat-html\extra-images\blog-mediam-3.jpg = musicbeat-html\extra-images\blog-mediam-3.jpg
		musicbeat-html\extra-images\blog-mediam-4.jpg = musicbeat-html\extra-images\blog-mediam-4.jpg
		musicbeat-html\extra-images\blog-mediam-5.jpg = musicbeat-html\extra-images\blog-mediam-5.jpg
		musicbeat-html\extra-images\blog-mediam-6.jpg = musicbeat-html\extra-images\blog-mediam-6.jpg
		musicbeat-html\extra-images\blog-mediam-7.jpg = musicbeat-html\extra-images\blog-mediam-7.jpg
		musicbeat-html\extra-images\blog-mediam-8.jpg = musicbeat-html\extra-images\blog-mediam-8.jpg
		musicbeat-html\extra-images\blog-mediam-9.jpg = musicbeat-html\extra-images\blog-mediam-9.jpg
		musicbeat-html\extra-images\blog-single-post-1.jpg = musicbeat-html\extra-images\blog-single-post-1.jpg
		musicbeat-html\extra-images\blog-single-post-2.jpg = musicbeat-html\extra-images\blog-single-post-2.jpg
		musicbeat-html\extra-images\cartbox-1.jpg = musicbeat-html\extra-images\cartbox-1.jpg
		musicbeat-html\extra-images\cartbox-2.jpg = musicbeat-html\extra-images\cartbox-2.jpg
		musicbeat-html\extra-images\cartbox-3.jpg = musicbeat-html\extra-images\cartbox-3.jpg
		musicbeat-html\extra-images\check-store-1.jpg = musicbeat-html\extra-images\check-store-1.jpg
		musicbeat-html\extra-images\check-store-2.jpg = musicbeat-html\extra-images\check-store-2.jpg
		musicbeat-html\extra-images\check-store-3.jpg = musicbeat-html\extra-images\check-store-3.jpg
		musicbeat-html\extra-images\contactus-list.jpg = musicbeat-html\extra-images\contactus-list.jpg
		musicbeat-html\extra-images\contdown-fullbg-1.jpg = musicbeat-html\extra-images\contdown-fullbg-1.jpg
		musicbeat-html\extra-images\event-detail.jpg = musicbeat-html\extra-images\event-detail.jpg
		musicbeat-html\extra-images\event-gallery-1.jpg = musicbeat-html\extra-images\event-gallery-1.jpg
		musicbeat-html\extra-images\event-gallery-2.jpg = musicbeat-html\extra-images\event-gallery-2.jpg
		musicbeat-html\extra-images\event-gallery-3.jpg = musicbeat-html\extra-images\event-gallery-3.jpg
		musicbeat-html\extra-images\event-gallery-4.jpg = musicbeat-html\extra-images\event-gallery-4.jpg
		musicbeat-html\extra-images\event-gallery-5.jpg = musicbeat-html\extra-images\event-gallery-5.jpg
		musicbeat-html\extra-images\event-gallery-6.jpg = musicbeat-html\extra-images\event-gallery-6.jpg
		musicbeat-html\extra-images\event-grid-1.jpg = musicbeat-html\extra-images\event-grid-1.jpg
		musicbeat-html\extra-images\event-grid-2.jpg = musicbeat-html\extra-images\event-grid-2.jpg
		musicbeat-html\extra-images\event-grid-3.jpg = musicbeat-html\extra-images\event-grid-3.jpg
		musicbeat-html\extra-images\event-grid-4.jpg = musicbeat-html\extra-images\event-grid-4.jpg
		musicbeat-html\extra-images\event-grid-5.jpg = musicbeat-html\extra-images\event-grid-5.jpg
		musicbeat-html\extra-images\event-grid-6.jpg = musicbeat-html\extra-images\event-grid-6.jpg
		musicbeat-html\extra-images\event-grid-7.jpg = musicbeat-html\extra-images\event-grid-7.jpg
		musicbeat-html\extra-images\event-grid-8.jpg = musicbeat-html\extra-images\event-grid-8.jpg
		musicbeat-html\extra-images\event-medium-1.jpg = musicbeat-html\extra-images\event-medium-1.jpg
		musicbeat-html\extra-images\event-medium-10.jpg = musicbeat-html\extra-images\event-medium-10.jpg
		musicbeat-html\extra-images\event-medium-11.jpg = musicbeat-html\extra-images\event-medium-11.jpg
		musicbeat-html\extra-images\event-medium-2.jpg = musicbeat-html\extra-images\event-medium-2.jpg
		musicbeat-html\extra-images\event-medium-3.jpg = musicbeat-html\extra-images\event-medium-3.jpg
		musicbeat-html\extra-images\event-medium-4.jpg = musicbeat-html\extra-images\event-medium-4.jpg
		musicbeat-html\extra-images\event-medium-5.jpg = musicbeat-html\extra-images\event-medium-5.jpg
		musicbeat-html\extra-images\event-medium-6.jpg = musicbeat-html\extra-images\event-medium-6.jpg
		musicbeat-html\extra-images\event-medium-7.jpg = musicbeat-html\extra-images\event-medium-7.jpg
		musicbeat-html\extra-images\event-medium-8.jpg = musicbeat-html\extra-images\event-medium-8.jpg
		musicbeat-html\extra-images\event-medium-9.jpg = musicbeat-html\extra-images\event-medium-9.jpg
		musicbeat-html\extra-images\event-medium-light-1.jpg = musicbeat-html\extra-images\event-medium-light-1.jpg
		musicbeat-html\extra-images\event-medium-light-2.jpg = musicbeat-html\extra-images\event-medium-light-2.jpg
		musicbeat-html\extra-images\event-medium-light-3.jpg = musicbeat-html\extra-images\event-medium-light-3.jpg
		musicbeat-html\extra-images\event-medium-light-4.jpg = musicbeat-html\extra-images\event-medium-light-4.jpg
		musicbeat-html\extra-images\event-modren-1.jpg = musicbeat-html\extra-images\event-modren-1.jpg
		musicbeat-html\extra-images\event-modren-2.jpg = musicbeat-html\extra-images\event-modren-2.jpg
		musicbeat-html\extra-images\event-modren-3.jpg = musicbeat-html\extra-images\event-modren-3.jpg
		musicbeat-html\extra-images\event-modren-4.jpg = musicbeat-html\extra-images\event-modren-4.jpg
		musicbeat-html\extra-images\evetn-performer-1.jpg = musicbeat-html\extra-images\evetn-performer-1.jpg
		musicbeat-html\extra-images\evetn-performer-2.jpg = musicbeat-html\extra-images\evetn-performer-2.jpg
		musicbeat-html\extra-images\evetn-performer-3.jpg = musicbeat-html\extra-images\evetn-performer-3.jpg
		musicbeat-html\extra-images\faq-img1.png = musicbeat-html\extra-images\faq-img1.png
		musicbeat-html\extra-images\faq-img2.png = musicbeat-html\extra-images\faq-img2.png
		musicbeat-html\extra-images\faq-img3.png = musicbeat-html\extra-images\faq-img3.png
		musicbeat-html\extra-images\faq-img4.png = musicbeat-html\extra-images\faq-img4.png
		musicbeat-html\extra-images\faq-img5.png = musicbeat-html\extra-images\faq-img5.png
		musicbeat-html\extra-images\faq-img6.png = musicbeat-html\extra-images\faq-img6.png
		musicbeat-html\extra-images\faq-img7.png = musicbeat-html\extra-images\faq-img7.png
		musicbeat-html\extra-images\faq-img8.png = musicbeat-html\extra-images\faq-img8.png
		musicbeat-html\extra-images\faq-img9.png = musicbeat-html\extra-images\faq-img9.png
		musicbeat-html\extra-images\faq-times.png = musicbeat-html\extra-images\faq-times.png
		musicbeat-html\extra-images\faq.jpg = musicbeat-html\extra-images\faq.jpg
		musicbeat-html\extra-images\featured-album-1.jpg = musicbeat-html\extra-images\featured-album-1.jpg
		musicbeat-html\extra-images\featured-album-2.jpg = musicbeat-html\extra-images\featured-album-2.jpg
		musicbeat-html\extra-images\featured-album-3.jpg = musicbeat-html\extra-images\featured-album-3.jpg
		musicbeat-html\extra-images\featured-widget-1.jpg = musicbeat-html\extra-images\featured-widget-1.jpg
		musicbeat-html\extra-images\featured-widget-2.jpg = musicbeat-html\extra-images\featured-widget-2.jpg
		musicbeat-html\extra-images\featured-widget-3.jpg = musicbeat-html\extra-images\featured-widget-3.jpg
		musicbeat-html\extra-images\flag-1.png = musicbeat-html\extra-images\flag-1.png
		musicbeat-html\extra-images\flag-2.png = musicbeat-html\extra-images\flag-2.png
		musicbeat-html\extra-images\flag-3.png = musicbeat-html\extra-images\flag-3.png
		musicbeat-html\extra-images\gallery-section-slider-1.jpg = musicbeat-html\extra-images\gallery-section-slider-1.jpg
		musicbeat-html\extra-images\gallery-section-slider-2.jpg = musicbeat-html\extra-images\gallery-section-slider-2.jpg
		musicbeat-html\extra-images\gallery-slider-1.jpg = musicbeat-html\extra-images\gallery-slider-1.jpg
		musicbeat-html\extra-images\gallery-slider-2.jpg = musicbeat-html\extra-images\gallery-slider-2.jpg
		musicbeat-html\extra-images\gallery-slider-3.jpg = musicbeat-html\extra-images\gallery-slider-3.jpg
		musicbeat-html\extra-images\holder-bg1.jpg = musicbeat-html\extra-images\holder-bg1.jpg
		musicbeat-html\extra-images\holder-bg2.jpg = musicbeat-html\extra-images\holder-bg2.jpg
		musicbeat-html\extra-images\home4player-bg.jpg = musicbeat-html\extra-images\home4player-bg.jpg
		musicbeat-html\extra-images\jplayer-poster-1.jpg = musicbeat-html\extra-images\jplayer-poster-1.jpg
		musicbeat-html\extra-images\latest-album-1.jpg = musicbeat-html\extra-images\latest-album-1.jpg
		musicbeat-html\extra-images\latest-album-2.jpg = musicbeat-html\extra-images\latest-album-2.jpg
		musicbeat-html\extra-images\latest-album-3.jpg = musicbeat-html\extra-images\latest-album-3.jpg
		musicbeat-html\extra-images\latest-album-4.jpg = musicbeat-html\extra-images\latest-album-4.jpg
		musicbeat-html\extra-images\latest-album-5.jpg = musicbeat-html\extra-images\latest-album-5.jpg
		musicbeat-html\extra-images\latest-album-6.jpg = musicbeat-html\extra-images\latest-album-6.jpg
		musicbeat-html\extra-images\latest-album-7.jpg = musicbeat-html\extra-images\latest-album-7.jpg
		musicbeat-html\extra-images\latest-album-8.jpg = musicbeat-html\extra-images\latest-album-8.jpg
		musicbeat-html\extra-images\latest-album-9.jpg = musicbeat-html\extra-images\latest-album-9.jpg
		musicbeat-html\extra-images\latest-album-grid-1.jpg = musicbeat-html\extra-images\latest-album-grid-1.jpg
		musicbeat-html\extra-images\latest-album-grid-2.jpg = musicbeat-html\extra-images\latest-album-grid-2.jpg
		musicbeat-html\extra-images\latest-album-grid-3.jpg = musicbeat-html\extra-images\latest-album-grid-3.jpg
		musicbeat-html\extra-images\latest-news-1.jpg = musicbeat-html\extra-images\latest-news-1.jpg
		musicbeat-html\extra-images\latest-news-2.jpg = musicbeat-html\extra-images\latest-news-2.jpg
		musicbeat-html\extra-images\latest-news-3.jpg = musicbeat-html\extra-images\latest-news-3.jpg
		musicbeat-html\extra-images\latest-newwidget-1.jpg = musicbeat-html\extra-images\latest-newwidget-1.jpg
		musicbeat-html\extra-images\latest-newwidget-2.jpg = musicbeat-html\extra-images\latest-newwidget-2.jpg
		musicbeat-html\extra-images\latest-newwidget-3.jpg = musicbeat-html\extra-images\latest-newwidget-3.jpg
		musicbeat-html\extra-images\latestreleases-1.jpg = musicbeat-html\extra-images\latestreleases-1.jpg
		musicbeat-html\extra-images\latestreleases-2.jpg = musicbeat-html\extra-images\latestreleases-2.jpg
		musicbeat-html\extra-images\latestreleases-3.jpg = musicbeat-html\extra-images\latestreleases-3.jpg
		musicbeat-html\extra-images\latestreleases-4.jpg = musicbeat-html\extra-images\latestreleases-4.jpg
		musicbeat-html\extra-images\listing-widget-1.jpg = musicbeat-html\extra-images\listing-widget-1.jpg
		musicbeat-html\extra-images\listing-widget-2.jpg = musicbeat-html\extra-images\listing-widget-2.jpg
		musicbeat-html\extra-images\listing-widget-3.jpg = musicbeat-html\extra-images\listing-widget-3.jpg
		musicbeat-html\extra-images\mas-gallery-1.jpg = musicbeat-html\extra-images\mas-gallery-1.jpg
		musicbeat-html\extra-images\mas-gallery-2.jpg = musicbeat-html\extra-images\mas-gallery-2.jpg
		musicbeat-html\extra-images\mas-gallery-3.jpg = musicbeat-html\extra-images\mas-gallery-3.jpg
		musicbeat-html\extra-images\mas-gallery-4.jpg = musicbeat-html\extra-images\mas-gallery-4.jpg
		musicbeat-html\extra-images\mas-gallery-5.jpg = musicbeat-html\extra-images\mas-gallery-5.jpg
		musicbeat-html\extra-images\mas-gallery-6.jpg = musicbeat-html\extra-images\mas-gallery-6.jpg
		musicbeat-html\extra-images\mega-menuadd.jpg = musicbeat-html\extra-images\mega-menuadd.jpg
		musicbeat-html\extra-images\music-beat-disk-1.png = musicbeat-html\extra-images\music-beat-disk-1.png
		musicbeat-html\extra-images\musicbeat-dates-1.jpg = musicbeat-html\extra-images\musicbeat-dates-1.jpg
		musicbeat-html\extra-images\musicbeat-dates-2.jpg = musicbeat-html\extra-images\musicbeat-dates-2.jpg
		musicbeat-html\extra-images\musicbeat-dates-3.jpg = musicbeat-html\extra-images\musicbeat-dates-3.jpg
		musicbeat-html\extra-images\musicbeat-dates-4.jpg = musicbeat-html\extra-images\musicbeat-dates-4.jpg
		musicbeat-html\extra-images\musicbeat-tour-fullbg.jpg = musicbeat-html\extra-images\musicbeat-tour-fullbg.jpg
		musicbeat-html\extra-images\our-gallery-1.jpg = musicbeat-html\extra-images\our-gallery-1.jpg
		musicbeat-html\extra-images\our-gallery-2.jpg = musicbeat-html\extra-images\our-gallery-2.jpg
		musicbeat-html\extra-images\our-gallery-3.jpg = musicbeat-html\extra-images\our-gallery-3.jpg
		musicbeat-html\extra-images\our-gallery-4.jpg = musicbeat-html\extra-images\our-gallery-4.jpg
		musicbeat-html\extra-images\our-gallery-5.jpg = musicbeat-html\extra-images\our-gallery-5.jpg
		musicbeat-html\extra-images\our-gallery-6.jpg = musicbeat-html\extra-images\our-gallery-6.jpg
		musicbeat-html\extra-images\our-gallery-7.jpg = musicbeat-html\extra-images\our-gallery-7.jpg
		musicbeat-html\extra-images\our-gallery-8.jpg = musicbeat-html\extra-images\our-gallery-8.jpg
		musicbeat-html\extra-images\our-gallery-9.jpg = musicbeat-html\extra-images\our-gallery-9.jpg
		musicbeat-html\extra-images\our-services.png = musicbeat-html\extra-images\our-services.png
		musicbeat-html\extra-images\our-services1.png = musicbeat-html\extra-images\our-services1.png
		musicbeat-html\extra-images\ourimage-gallery-1.jpg = musicbeat-html\extra-images\ourimage-gallery-1.jpg
		musicbeat-html\extra-images\ourimage-gallery-2.jpg = musicbeat-html\extra-images\ourimage-gallery-2.jpg
		musicbeat-html\extra-images\ourimage-gallery-3.jpg = musicbeat-html\extra-images\ourimage-gallery-3.jpg
		musicbeat-html\extra-images\ourimage-gallery-4.jpg = musicbeat-html\extra-images\ourimage-gallery-4.jpg
		musicbeat-html\extra-images\ourimage-gallery-5.jpg = musicbeat-html\extra-images\ourimage-gallery-5.jpg
		musicbeat-html\extra-images\ourimage-gallery-6.jpg = musicbeat-html\extra-images\ourimage-gallery-6.jpg
		musicbeat-html\extra-images\ourimage-gallery-7.jpg = musicbeat-html\extra-images\ourimage-gallery-7.jpg
		musicbeat-html\extra-images\ourimage-gallery-8.jpg = musicbeat-html\extra-images\ourimage-gallery-8.jpg
		musicbeat-html\extra-images\prenxt-post-1.jpg = musicbeat-html\extra-images\prenxt-post-1.jpg
		musicbeat-html\extra-images\prenxt-post-2.jpg = musicbeat-html\extra-images\prenxt-post-2.jpg
		musicbeat-html\extra-images\price1.png = musicbeat-html\extra-images\price1.png
		musicbeat-html\extra-images\price2.png = musicbeat-html\extra-images\price2.png
		musicbeat-html\extra-images\price3.png = musicbeat-html\extra-images\price3.png
		musicbeat-html\extra-images\price4.png = musicbeat-html\extra-images\price4.png
		musicbeat-html\extra-images\recent-widget-1.jpg = musicbeat-html\extra-images\recent-widget-1.jpg
		musicbeat-html\extra-images\recent-widget-2.jpg = musicbeat-html\extra-images\recent-widget-2.jpg
		musicbeat-html\extra-images\recent-widget-3.jpg = musicbeat-html\extra-images\recent-widget-3.jpg
		musicbeat-html\extra-images\related-artist-1.jpg = musicbeat-html\extra-images\related-artist-1.jpg
		musicbeat-html\extra-images\related-artist-2.jpg = musicbeat-html\extra-images\related-artist-2.jpg
		musicbeat-html\extra-images\related-artist-3.jpg = musicbeat-html\extra-images\related-artist-3.jpg
		musicbeat-html\extra-images\search-result-1.jpg = musicbeat-html\extra-images\search-result-1.jpg
		musicbeat-html\extra-images\search-result-2.jpg = musicbeat-html\extra-images\search-result-2.jpg
		musicbeat-html\extra-images\search-result.jpg = musicbeat-html\extra-images\search-result.jpg
		musicbeat-html\extra-images\services-img.png = musicbeat-html\extra-images\services-img.png
		musicbeat-html\extra-images\shop-grid-1.jpg = musicbeat-html\extra-images\shop-grid-1.jpg
		musicbeat-html\extra-images\shop-grid-2.jpg = musicbeat-html\extra-images\shop-grid-2.jpg
		musicbeat-html\extra-images\shop-grid-3.jpg = musicbeat-html\extra-images\shop-grid-3.jpg
		musicbeat-html\extra-images\shop-grid-4.jpg = musicbeat-html\extra-images\shop-grid-4.jpg
		musicbeat-html\extra-images\shop-list-1.jpg = musicbeat-html\extra-images\shop-list-1.jpg
		musicbeat-html\extra-images\shop-list-2.jpg = musicbeat-html\extra-images\shop-list-2.jpg
		musicbeat-html\extra-images\shop-list-3.jpg = musicbeat-html\extra-images\shop-list-3.jpg
		musicbeat-html\extra-images\shop-list-4.jpg = musicbeat-html\extra-images\shop-list-4.jpg
		musicbeat-html\extra-images\shop-list-5.jpg = musicbeat-html\extra-images\shop-list-5.jpg
		musicbeat-html\extra-images\shop-list-6.jpg = musicbeat-html\extra-images\shop-list-6.jpg
		musicbeat-html\extra-images\shop-list-7.jpg = musicbeat-html\extra-images\shop-list-7.jpg
		musicbeat-html\extra-images\shop-list-8.jpg = musicbeat-html\extra-images\shop-list-8.jpg
		musicbeat-html\extra-images\shop-listgrid-1.jpg = musicbeat-html\extra-images\shop-listgrid-1.jpg
		musicbeat-html\extra-images\shop-listgrid-10.jpg = musicbeat-html\extra-images\shop-listgrid-10.jpg
		musicbeat-html\extra-images\shop-listgrid-11.jpg = musicbeat-html\extra-images\shop-listgrid-11.jpg
		musicbeat-html\extra-images\shop-listgrid-12.jpg = musicbeat-html\extra-images\shop-listgrid-12.jpg
		musicbeat-html\extra-images\shop-listgrid-13.jpg = musicbeat-html\extra-images\shop-listgrid-13.jpg
		musicbeat-html\extra-images\shop-listgrid-14.jpg = musicbeat-html\extra-images\shop-listgrid-14.jpg
		musicbeat-html\extra-images\shop-listgrid-15.jpg = musicbeat-html\extra-images\shop-listgrid-15.jpg
		musicbeat-html\extra-images\shop-listgrid-16.jpg = musicbeat-html\extra-images\shop-listgrid-16.jpg
		musicbeat-html\extra-images\shop-listgrid-17.jpg = musicbeat-html\extra-images\shop-listgrid-17.jpg
		musicbeat-html\extra-images\shop-listgrid-18.jpg = musicbeat-html\extra-images\shop-listgrid-18.jpg
		musicbeat-html\extra-images\shop-listgrid-2.jpg = musicbeat-html\extra-images\shop-listgrid-2.jpg
		musicbeat-html\extra-images\shop-listgrid-3.jpg = musicbeat-html\extra-images\shop-listgrid-3.jpg
		musicbeat-html\extra-images\shop-listgrid-4.jpg = musicbeat-html\extra-images\shop-listgrid-4.jpg
		musicbeat-html\extra-images\shop-listgrid-5.jpg = musicbeat-html\extra-images\shop-listgrid-5.jpg
		musicbeat-html\extra-images\shop-listgrid-6.jpg = musicbeat-html\extra-images\shop-listgrid-6.jpg
		musicbeat-html\extra-images\shop-listgrid-7.jpg = musicbeat-html\extra-images\shop-listgrid-7.jpg
		musicbeat-html\extra-images\shop-listgrid-8.jpg = musicbeat-html\extra-images\shop-listgrid-8.jpg
		musicbeat-html\extra-images\shop-listgrid-9.jpg = musicbeat-html\extra-images\shop-listgrid-9.jpg
		musicbeat-html\extra-images\shop-medium-1.jpg = musicbeat-html\extra-images\shop-medium-1.jpg
		musicbeat-html\extra-images\shop-medium-2.jpg = musicbeat-html\extra-images\shop-medium-2.jpg
		musicbeat-html\extra-images\shop-review-1.jpg = musicbeat-html\extra-images\shop-review-1.jpg
		musicbeat-html\extra-images\shop-review-2.jpg = musicbeat-html\extra-images\shop-review-2.jpg
		musicbeat-html\extra-images\shop-review-3.jpg = musicbeat-html\extra-images\shop-review-3.jpg
		musicbeat-html\extra-images\shopsingle-show-1.jpg = musicbeat-html\extra-images\shopsingle-show-1.jpg
		musicbeat-html\extra-images\shopsingle-show-2.jpg = musicbeat-html\extra-images\shopsingle-show-2.jpg
		musicbeat-html\extra-images\shopsingle-show-3.jpg = musicbeat-html\extra-images\shopsingle-show-3.jpg
		musicbeat-html\extra-images\shopsingle-thumb-1.jpg = musicbeat-html\extra-images\shopsingle-thumb-1.jpg
		musicbeat-html\extra-images\shopsingle-thumb-2.jpg = musicbeat-html\extra-images\shopsingle-thumb-2.jpg
		musicbeat-html\extra-images\shopsingle-thumb-3.jpg = musicbeat-html\extra-images\shopsingle-thumb-3.jpg
		musicbeat-html\extra-images\subheader-bg1.jpg = musicbeat-html\extra-images\subheader-bg1.jpg
		musicbeat-html\extra-images\team-slider-1.jpg = musicbeat-html\extra-images\team-slider-1.jpg
		musicbeat-html\extra-images\team-slider-2.jpg = musicbeat-html\extra-images\team-slider-2.jpg
		musicbeat-html\extra-images\team-slider-3.jpg = musicbeat-html\extra-images\team-slider-3.jpg
		musicbeat-html\extra-images\team-slider-4.jpg = musicbeat-html\extra-images\team-slider-4.jpg
		musicbeat-html\extra-images\team-sliderbg.jpg = musicbeat-html\extra-images\team-sliderbg.jpg
		musicbeat-html\extra-images\thumb-slider-main-1.jpg = musicbeat-html\extra-images\thumb-slider-main-1.jpg
		musicbeat-html\extra-images\thumb-slider-main-2.jpg = musicbeat-html\extra-images\thumb-slider-main-2.jpg
		musicbeat-html\extra-images\thumb-slider-main-3.jpg = musicbeat-html\extra-images\thumb-slider-main-3.jpg
		musicbeat-html\extra-images\thumb-slider-main-4.jpg = musicbeat-html\extra-images\thumb-slider-main-4.jpg
		musicbeat-html\extra-images\thumb-slider-main-5.jpg = musicbeat-html\extra-images\thumb-slider-main-5.jpg
		musicbeat-html\extra-images\thumb-slider-main-6.jpg = musicbeat-html\extra-images\thumb-slider-main-6.jpg
		musicbeat-html\extra-images\thumb-slider-thumb-1.jpg = musicbeat-html\extra-images\thumb-slider-thumb-1.jpg
		musicbeat-html\extra-images\thumb-slider-thumb-2.jpg = musicbeat-html\extra-images\thumb-slider-thumb-2.jpg
		musicbeat-html\extra-images\thumb-slider-thumb-3.jpg = musicbeat-html\extra-images\thumb-slider-thumb-3.jpg
		musicbeat-html\extra-images\thumb-slider-thumb-4.jpg = musicbeat-html\extra-images\thumb-slider-thumb-4.jpg
		musicbeat-html\extra-images\thumb-slider-thumb-5.jpg = musicbeat-html\extra-images\thumb-slider-thumb-5.jpg
		musicbeat-html\extra-images\thumb-slider-thumb-6.jpg = musicbeat-html\extra-images\thumb-slider-thumb-6.jpg
		musicbeat-html\extra-images\tour-list-1.jpg = musicbeat-html\extra-images\tour-list-1.jpg
		musicbeat-html\extra-images\tour-list-2.jpg = musicbeat-html\extra-images\tour-list-2.jpg
		musicbeat-html\extra-images\tour-list-3.jpg = musicbeat-html\extra-images\tour-list-3.jpg
		musicbeat-html\extra-images\tour-thumb-bg.jpg = musicbeat-html\extra-images\tour-thumb-bg.jpg
		musicbeat-html\extra-images\trending-artist-1.jpg = musicbeat-html\extra-images\trending-artist-1.jpg
		musicbeat-html\extra-images\trending-artist-2.jpg = musicbeat-html\extra-images\trending-artist-2.jpg
		musicbeat-html\extra-images\trending-artist-3.jpg = musicbeat-html\extra-images\trending-artist-3.jpg
		musicbeat-html\extra-images\twitter-feed-1.jpg = musicbeat-html\extra-images\twitter-feed-1.jpg
		musicbeat-html\extra-images\twitter-feed-2.jpg = musicbeat-html\extra-images\twitter-feed-2.jpg
		musicbeat-html\extra-images\twitter-feed-3.jpg = musicbeat-html\extra-images\twitter-feed-3.jpg
		musicbeat-html\extra-images\Untitled-2.jpg = musicbeat-html\extra-images\Untitled-2.jpg
		musicbeat-html\extra-images\update-blog-1.jpg = musicbeat-html\extra-images\update-blog-1.jpg
		musicbeat-html\extra-images\widget-add-2.jpg = musicbeat-html\extra-images\widget-add-2.jpg
		musicbeat-html\extra-images\widget-add-3.jpg = musicbeat-html\extra-images\widget-add-3.jpg
		musicbeat-html\extra-images\widget-add.jpg = musicbeat-html\extra-images\widget-add.jpg
		musicbeat-html\extra-images\widget-gallery-1.jpg = musicbeat-html\extra-images\widget-gallery-1.jpg
		musicbeat-html\extra-images\widget-player.jpg = musicbeat-html\extra-images\widget-player.jpg
		musicbeat-html\extra-images\widget-slider-1.jpg = musicbeat-html\extra-images\widget-slider-1.jpg
		musicbeat-html\extra-images\widget-topseller-1.jpg = musicbeat-html\extra-images\widget-topseller-1.jpg
		musicbeat-html\extra-images\widget-topseller-2.jpg = musicbeat-html\extra-images\widget-topseller-2.jpg
		musicbeat-html\extra-images\widget-topseller-3.jpg = musicbeat-html\extra-images\widget-topseller-3.jpg
	EndProjectSection
EndProject
Project("{2150E333-8FDC-42A3-9474-1A3956D46DE8}") = "fonts", "fonts", "{0CD06D4C-E6E0-4387-A4E2-22C0AA7CEE3F}"
	ProjectSection(SolutionItems) = preProject
		musicbeat-html\fonts\Flaticon.eot = musicbeat-html\fonts\Flaticon.eot
		musicbeat-html\fonts\Flaticon.svg = musicbeat-html\fonts\Flaticon.svg
		musicbeat-html\fonts\Flaticon.ttf = musicbeat-html\fonts\Flaticon.ttf
		musicbeat-html\fonts\Flaticon.woff = musicbeat-html\fonts\Flaticon.woff
		musicbeat-html\fonts\fontawesome-webfont.eot = musicbeat-html\fonts\fontawesome-webfont.eot
		musicbeat-html\fonts\fontawesome-webfont.svg = musicbeat-html\fonts\fontawesome-webfont.svg
		musicbeat-html\fonts\fontawesome-webfont.ttf = musicbeat-html\fonts\fontawesome-webfont.ttf
		musicbeat-html\fonts\fontawesome-webfont.woff = musicbeat-html\fonts\fontawesome-webfont.woff
		musicbeat-html\fonts\fontawesome-webfont.woff2 = musicbeat-html\fonts\fontawesome-webfont.woff2
		musicbeat-html\fonts\FontAwesome.otf = musicbeat-html\fonts\FontAwesome.otf
	EndProjectSection
EndProject
Project("{2150E333-8FDC-42A3-9474-1A3956D46DE8}") = "script", "script", "{8816E326-5921-440B-BB47-2A9099068679}"
	ProjectSection(SolutionItems) = preProject
		musicbeat-html\script\bootstrap.min.js = musicbeat-html\script\bootstrap.min.js
		musicbeat-html\script\fitvideo.js = musicbeat-html\script\fitvideo.js
		musicbeat-html\script\fullcalendar.min.js = musicbeat-html\script\fullcalendar.min.js
		musicbeat-html\script\functions.js = musicbeat-html\script\functions.js
		musicbeat-html\script\isotope.min.js = musicbeat-html\script\isotope.min.js
		musicbeat-html\script\jplayer.functions.js = musicbeat-html\script\jplayer.functions.js
		musicbeat-html\script\jplayer.playlist.js = musicbeat-html\script\jplayer.playlist.js
		musicbeat-html\script\jquery-ui.js = musicbeat-html\script\jquery-ui.js
		musicbeat-html\script\jquery.countdown.min.js = musicbeat-html\script\jquery.countdown.min.js
		musicbeat-html\script\jquery.jplayer.js = musicbeat-html\script\jquery.jplayer.js
		musicbeat-html\script\jquery.js = musicbeat-html\script\jquery.js
		musicbeat-html\script\jquery.nicescroll.min.js = musicbeat-html\script\jquery.nicescroll.min.js
		musicbeat-html\script\jquery.prettyphoto.js = musicbeat-html\script\jquery.prettyphoto.js
		musicbeat-html\script\modernizr.js = musicbeat-html\script\modernizr.js
		musicbeat-html\script\moment.min.js = musicbeat-html\script\moment.min.js
		musicbeat-html\script\skills.js = musicbeat-html\script\skills.js
		musicbeat-html\script\slick.slider.min.js = musicbeat-html\script\slick.slider.min.js
		musicbeat-html\script\waypoints-min.js = musicbeat-html\script\waypoints-min.js
	EndProjectSection
EndProject
Global
	GlobalSection(SolutionConfigurationPlatforms) = preSolution
		Debug|Any CPU = Debug|Any CPU
		Release|Any CPU = Release|Any CPU
	EndGlobalSection
	GlobalSection(ProjectConfigurationPlatforms) = postSolution
		{3C7EC4E3-F514-4A41-9523-0BB02B658868}.Debug|Any CPU.ActiveCfg = Debug|Any CPU
		{3C7EC4E3-F514-4A41-9523-0BB02B658868}.Debug|Any CPU.Build.0 = Debug|Any CPU
		{3C7EC4E3-F514-4A41-9523-0BB02B658868}.Release|Any CPU.ActiveCfg = Release|Any CPU
		{3C7EC4E3-F514-4A41-9523-0BB02B658868}.Release|Any CPU.Build.0 = Release|Any CPU
	EndGlobalSection
	GlobalSection(SolutionProperties) = preSolution
		HideSolutionNode = FALSE
	EndGlobalSection
	GlobalSection(NestedProjects) = preSolution
		{C20C1B8E-3987-4397-A320-3CF4C1589947} = {79CC71B9-D837-48F7-8E3F-87FAB6CADE33}
		{505F58A8-D340-46CE-A152-A9F36D33EC15} = {79CC71B9-D837-48F7-8E3F-87FAB6CADE33}
		{0CD06D4C-E6E0-4387-A4E2-22C0AA7CEE3F} = {79CC71B9-D837-48F7-8E3F-87FAB6CADE33}
		{8816E326-5921-440B-BB47-2A9099068679} = {79CC71B9-D837-48F7-8E3F-87FAB6CADE33}
	EndGlobalSection
EndGlobal
